
Microsoft Visual Studio Solution File, Format Version 12.00
# Visual Studio 15
Project("{FAE04EC0-301F-11D3-BF4B-00C04F79EFBC}") = "Assembly-CSharp", "Assembly-CSharp.csproj", "{F6F0DD83-DC8F-D4C2-242D-6546D71D34F0}"
EndProject
Project("{FAE04EC0-301F-11D3-BF4B-00C04F79EFBC}") = "VuforiaScripts", "VuforiaScripts.csproj", "{16F781AC-0469-D497-B09C-F37690E420FA}"
EndProject
Project("{FAE04EC0-301F-11D3-BF4B-00C04F79EFBC}") = "VuforiaEditorScripts", "VuforiaEditorScripts.csproj", "{E5C8F327-9371-971B-A75E-64FBBB6E7CE8}"
EndProject
Global
	GlobalSection(SolutionConfigurationPlatforms) = preSolution
		Debug|Any CPU = Debug|Any CPU
		Release|Any CPU = Release|Any CPU
	EndGlobalSection
	GlobalSection(ProjectConfigurationPlatforms) = postSolution
		{F6F0DD83-DC8F-D4C2-242D-6546D71D34F0}.Debug|Any CPU.ActiveCfg = Debug|Any CPU
		{F6F0DD83-DC8F-D4C2-242D-6546D71D34F0}.Debug|Any CPU.Build.0 = Debug|Any CPU
		{F6F0DD83-DC8F-D4C2-242D-6546D71D34F0}.Release|Any CPU.ActiveCfg = Release|Any CPU
		{F6F0DD83-DC8F-D4C2-242D-6546D71D34F0}.Release|Any CPU.Build.0 = Release|Any CPU
		{16F781AC-0469-D497-B09C-F37690E420FA}.Debug|Any CPU.ActiveCfg = Debug|Any CPU
		{16F781AC-0469-D497-B09C-F37690E420FA}.Debug|Any CPU.Build.0 = Debug|Any CPU
		{16F781AC-0469-D497-B09C-F37690E420FA}.Release|Any CPU.ActiveCfg = Release|Any CPU
		{16F781AC-0469-D497-B09C-F37690E420FA}.Release|Any CPU.Build.0 = Release|Any CPU
		{E5C8F327-9371-971B-A75E-64FBBB6E7CE8}.Debug|Any CPU.ActiveCfg = Debug|Any CPU
		{E5C8F327-9371-971B-A75E-64FBBB6E7CE8}.Debug|Any CPU.Build.0 = Debug|Any CPU
		{E5C8F327-9371-971B-A75E-64FBBB6E7CE8}.Release|Any CPU.ActiveCfg = Release|Any CPU
		{E5C8F327-9371-971B-A75E-64FBBB6E7CE8}.Release|Any CPU.Build.0 = Release|Any CPU
	EndGlobalSection
	GlobalSection(SolutionProperties) = preSolution
		HideSolutionNode = FALSE
	EndGlobalSection
EndGlobal
